
Microsoft Visual Studio Solution File, Format Version 12.00
# Visual Studio Version 17
VisualStudioVersion = 17.0.32014.148
MinimumVisualStudioVersion = 10.0.40219.1
Project("{9A19103F-16F7-4668-BE54-9A1E7A4F7556}") = "Targil0", "Targil0\Targil0.csproj", "{612E2280-DAA4-4582-BDD4-19EC957F36E4}"
EndProject
Project("{2150E333-8FDC-42A3-9474-1A3956D46DE8}") = "Solution Items", "Solution Items", "{4D33CDB0-5A71-4862-AEAE-F3526936015A}"
	ProjectSection(SolutionItems) = preProject
		img\icon.ico = img\icon.ico
		README.md = README.md
	EndProjectSection
EndProject
Project("{2150E333-8FDC-42A3-9474-1A3956D46DE8}") = "Solution Items (2)", "Solution Items (2)", "{8DFEFB0E-90B8-4054-9F5D-28EB2CA729D7}"
	ProjectSection(SolutionItems) = preProject
		README.md = README.md
	EndProjectSection
EndProject
Project("{9A19103F-16F7-4668-BE54-9A1E7A4F7556}") = "DalFacade", "DalFacade\DalFacade.csproj", "{2974C999-7E7E-4649-AAD9-933D5F2BD73E}"
EndProject
Project("{9A19103F-16F7-4668-BE54-9A1E7A4F7556}") = "DalList", "DalList\DalList.csproj", "{DF2061A2-ECF5-4E7D-BE48-5D7925BFACC6}"
EndProject
Project("{9A19103F-16F7-4668-BE54-9A1E7A4F7556}") = "DalTest", "DalTest\DalTest.csproj", "{16833CC9-189B-4AA9-BAD2-376108273399}"
	ProjectSection(ProjectDependencies) = postProject
		{B4E86D85-832D-4495-BF3F-D17F012261A3} = {B4E86D85-832D-4495-BF3F-D17F012261A3}
	EndProjectSection
EndProject
Project("{9A19103F-16F7-4668-BE54-9A1E7A4F7556}") = "BL", "BL\BL.csproj", "{3628D7BB-393C-4C8B-9758-1F9E1B006431}"
	ProjectSection(ProjectDependencies) = postProject
		{B4E86D85-832D-4495-BF3F-D17F012261A3} = {B4E86D85-832D-4495-BF3F-D17F012261A3}
	EndProjectSection
EndProject
Project("{9A19103F-16F7-4668-BE54-9A1E7A4F7556}") = "BLTest", "BLTest\BLTest.csproj", "{A805A5FD-B6F9-44E6-A5BE-E59768CBCEB5}"
EndProject
Project("{9A19103F-16F7-4668-BE54-9A1E7A4F7556}") = "PL", "PL\PL.csproj", "{F9CBA1BF-B6B8-4F04-84FC-322F60F52089}"
EndProject
Project("{2150E333-8FDC-42A3-9474-1A3956D46DE8}") = "xml", "xml", "{AAE28990-4708-4C0B-A8A8-EAF2B22A730B}"
	ProjectSection(SolutionItems) = preProject
		xml\config.xml = xml\config.xml
		xml\dal-config.xml = xml\dal-config.xml
		xml\Order.xml = xml\Order.xml
		xml\OrderItem.xml = xml\OrderItem.xml
		xml\Product.xml = xml\Product.xml
	EndProjectSection
EndProject
Project("{9A19103F-16F7-4668-BE54-9A1E7A4F7556}") = "DalXml", "DalXml\DalXml.csproj", "{B4E86D85-832D-4495-BF3F-D17F012261A3}"
EndProject
Project("{FAE04EC0-301F-11D3-BF4B-00C04F79EFBC}") = "InitializeXmlFiles", "InitializeXmlFiles\InitializeXmlFiles.csproj", "{E8DB3C6F-C8F3-4757-A8F8-5DBF91226CF5}"
	ProjectSection(ProjectDependencies) = postProject
		{B4E86D85-832D-4495-BF3F-D17F012261A3} = {B4E86D85-832D-4495-BF3F-D17F012261A3}
		{2974C999-7E7E-4649-AAD9-933D5F2BD73E} = {2974C999-7E7E-4649-AAD9-933D5F2BD73E}
		{DF2061A2-ECF5-4E7D-BE48-5D7925BFACC6} = {DF2061A2-ECF5-4E7D-BE48-5D7925BFACC6}
	EndProjectSection
EndProject
Global
	GlobalSection(SolutionConfigurationPlatforms) = preSolution
		Debug|Any CPU = Debug|Any CPU
		Release|Any CPU = Release|Any CPU
	EndGlobalSection
	GlobalSection(ProjectConfigurationPlatforms) = postSolution
		{612E2280-DAA4-4582-BDD4-19EC957F36E4}.Debug|Any CPU.ActiveCfg = Debug|Any CPU
		{612E2280-DAA4-4582-BDD4-19EC957F36E4}.Debug|Any CPU.Build.0 = Debug|Any CPU
		{612E2280-DAA4-4582-BDD4-19EC957F36E4}.Release|Any CPU.ActiveCfg = Release|Any CPU
		{612E2280-DAA4-4582-BDD4-19EC957F36E4}.Release|Any CPU.Build.0 = Release|Any CPU
		{2974C999-7E7E-4649-AAD9-933D5F2BD73E}.Debug|Any CPU.ActiveCfg = Debug|Any CPU
		{2974C999-7E7E-4649-AAD9-933D5F2BD73E}.Debug|Any CPU.Build.0 = Debug|Any CPU
		{2974C999-7E7E-4649-AAD9-933D5F2BD73E}.Release|Any CPU.ActiveCfg = Release|Any CPU
		{2974C999-7E7E-4649-AAD9-933D5F2BD73E}.Release|Any CPU.Build.0 = Release|Any CPU
		{DF2061A2-ECF5-4E7D-BE48-5D7925BFACC6}.Debug|Any CPU.ActiveCfg = Debug|Any CPU
		{DF2061A2-ECF5-4E7D-BE48-5D7925BFACC6}.Debug|Any CPU.Build.0 = Debug|Any CPU
		{DF2061A2-ECF5-4E7D-BE48-5D7925BFACC6}.Release|Any CPU.ActiveCfg = Release|Any CPU
		{DF2061A2-ECF5-4E7D-BE48-5D7925BFACC6}.Release|Any CPU.Build.0 = Release|Any CPU
		{16833CC9-189B-4AA9-BAD2-376108273399}.Debug|Any CPU.ActiveCfg = Debug|Any CPU
		{16833CC9-189B-4AA9-BAD2-376108273399}.Debug|Any CPU.Build.0 = Debug|Any CPU
		{16833CC9-189B-4AA9-BAD2-376108273399}.Release|Any CPU.ActiveCfg = Release|Any CPU
		{16833CC9-189B-4AA9-BAD2-376108273399}.Release|Any CPU.Build.0 = Release|Any CPU
		{3628D7BB-393C-4C8B-9758-1F9E1B006431}.Debug|Any CPU.ActiveCfg = Debug|Any CPU
		{3628D7BB-393C-4C8B-9758-1F9E1B006431}.Debug|Any CPU.Build.0 = Debug|Any CPU
		{3628D7BB-393C-4C8B-9758-1F9E1B006431}.Release|Any CPU.ActiveCfg = Release|Any CPU
		{3628D7BB-393C-4C8B-9758-1F9E1B006431}.Release|Any CPU.Build.0 = Release|Any CPU
		{A805A5FD-B6F9-44E6-A5BE-E59768CBCEB5}.Debug|Any CPU.ActiveCfg = Debug|Any CPU
		{A805A5FD-B6F9-44E6-A5BE-E59768CBCEB5}.Debug|Any CPU.Build.0 = Debug|Any CPU
		{A805A5FD-B6F9-44E6-A5BE-E59768CBCEB5}.Release|Any CPU.ActiveCfg = Release|Any CPU
		{A805A5FD-B6F9-44E6-A5BE-E59768CBCEB5}.Release|Any CPU.Build.0 = Release|Any CPU
		{F9CBA1BF-B6B8-4F04-84FC-322F60F52089}.Debug|Any CPU.ActiveCfg = Debug|Any CPU
		{F9CBA1BF-B6B8-4F04-84FC-322F60F52089}.Debug|Any CPU.Build.0 = Debug|Any CPU
		{F9CBA1BF-B6B8-4F04-84FC-322F60F52089}.Release|Any CPU.ActiveCfg = Release|Any CPU
		{F9CBA1BF-B6B8-4F04-84FC-322F60F52089}.Release|Any CPU.Build.0 = Release|Any CPU
		{B4E86D85-832D-4495-BF3F-D17F012261A3}.Debug|Any CPU.ActiveCfg = Debug|Any CPU
		{B4E86D85-832D-4495-BF3F-D17F012261A3}.Debug|Any CPU.Build.0 = Debug|Any CPU
		{B4E86D85-832D-4495-BF3F-D17F012261A3}.Release|Any CPU.ActiveCfg = Release|Any CPU
		{B4E86D85-832D-4495-BF3F-D17F012261A3}.Release|Any CPU.Build.0 = Release|Any CPU
		{E8DB3C6F-C8F3-4757-A8F8-5DBF91226CF5}.Debug|Any CPU.ActiveCfg = Debug|Any CPU
		{E8DB3C6F-C8F3-4757-A8F8-5DBF91226CF5}.Debug|Any CPU.Build.0 = Debug|Any CPU
		{E8DB3C6F-C8F3-4757-A8F8-5DBF91226CF5}.Release|Any CPU.ActiveCfg = Release|Any CPU
		{E8DB3C6F-C8F3-4757-A8F8-5DBF91226CF5}.Release|Any CPU.Build.0 = Release|Any CPU
	EndGlobalSection
	GlobalSection(SolutionProperties) = preSolution
		HideSolutionNode = FALSE
	EndGlobalSection
	GlobalSection(ExtensibilityGlobals) = postSolution
		SolutionGuid = {D90ACF87-7987-48A8-AABF-27891014A2BE}
	EndGlobalSection
EndGlobal
